<?xml version="1.0" encoding="utf-8"?>
<Project ToolsVersion="4.0" xmlns="http://schemas.microsoft.com/developer/msbuild/2003">
  <ItemGroup>
    <Filter Include="Source Files">
      <UniqueIdentifier>{4FC737F1-C7A5-4376-A066-2A32D752A2FF}</UniqueIdentifier>
      <Extensions>cpp;c;cc;cxx;c++;cppm;ixx;def;odl;idl;hpj;bat;asm;asmx</Extensions>
    </Filter>
    <Filter Include="Header Files">
      <UniqueIdentifier>{93995380-89BD-4b04-88EB-625FBE52EBFB}</UniqueIdentifier>
      <Extensions>h;hh;hpp;hxx;h++;hm;inl;inc;ipp;xsd</Extensions>
    </Filter>
    <Filter Include="Resource Files">
      <UniqueIdentifier>{67DA6AB6-F800-4c08-8B7A-83BB121AAD01}</UniqueIdentifier>
      <Extensions>rc;ico;cur;bmp;dlg;rc2;rct;bin;rgs;gif;jpg;jpeg;jpe;resx;tiff;tif;png;wav;mfcribbon-ms</Extensions>
    </Filter>
    <Filter Include="Source Files\coldet">
      <UniqueIdentifier>{7113c524-0eed-43cd-8be8-370d99c3332a}</UniqueIdentifier>
    </Filter>
    <Filter Include="Source Files\DX7">
      <UniqueIdentifier>{b141ee56-b19c-4869-be55-5b29cb32468c}</UniqueIdentifier>
    </Filter>
    <Filter Include="Source Files\DX7\utils">
      <UniqueIdentifier>{ecc8b6d8-c580-4640-be48-b0f056add2b3}</UniqueIdentifier>
    </Filter>
  </ItemGroup>
  <ItemGroup>
    <ClInclude Include="resource.h">
      <Filter>Header Files</Filter>
    </ClInclude>
    <ClInclude Include="RetroEngine.hpp">
      <Filter>Source Files</Filter>
    </ClInclude>
    <ClInclude Include="Text.hpp">
      <Filter>Source Files</Filter>
    </ClInclude>
    <ClInclude Include="Drawing.hpp">
      <Filter>Source Files</Filter>
    </ClInclude>
    <ClInclude Include="Input.hpp">
      <Filter>Source Files</Filter>
    </ClInclude>
    <ClInclude Include="Reader.hpp">
      <Filter>Source Files</Filter>
    </ClInclude>
    <ClInclude Include="Math.hpp">
      <Filter>Source Files</Filter>
    </ClInclude>
    <ClInclude Include="Misc.h">
      <Filter>Source Files</Filter>
    </ClInclude>
    <ClInclude Include="MainGame.hpp">
      <Filter>Source Files</Filter>
    </ClInclude>
    <ClInclude Include="TitleScreen.hpp">
      <Filter>Source Files</Filter>
    </ClInclude>
    <ClInclude Include="Collision.hpp">
      <Filter>Source Files</Filter>
    </ClInclude>
    <ClInclude Include="Player.hpp">
      <Filter>Source Files</Filter>
    </ClInclude>
    <ClInclude Include="..\dependencies\coldet\src\bitmatrix.h">
      <Filter>Source Files\coldet</Filter>
    </ClInclude>
    <ClInclude Include="..\dependencies\coldet\src\box.h">
      <Filter>Source Files\coldet</Filter>
    </ClInclude>
    <ClInclude Include="..\dependencies\coldet\src\cdmath3d.h">
      <Filter>Source Files\coldet</Filter>
    </ClInclude>
    <ClInclude Include="..\dependencies\coldet\src\coldet.h">
      <Filter>Source Files\coldet</Filter>
    </ClInclude>
    <ClInclude Include="..\dependencies\coldet\src\coldetimpl.h">
      <Filter>Source Files\coldet</Filter>
    </ClInclude>
    <ClInclude Include="..\dependencies\coldet\src\multi_impl.h">
      <Filter>Source Files\coldet</Filter>
    </ClInclude>
    <ClInclude Include="..\dependencies\coldet\src\multiobject.h">
      <Filter>Source Files\coldet</Filter>
    </ClInclude>
    <ClInclude Include="..\dependencies\coldet\src\mytritri.h">
      <Filter>Source Files\coldet</Filter>
    </ClInclude>
    <ClInclude Include="..\dependencies\coldet\src\sweep_prune.h">
      <Filter>Source Files\coldet</Filter>
    </ClInclude>
    <ClInclude Include="..\dependencies\coldet\src\sysdep.h">
      <Filter>Source Files\coldet</Filter>
    </ClInclude>
    <ClInclude Include="String.hpp">
      <Filter>Source Files</Filter>
    </ClInclude>
    <ClInclude Include="DX7\DX7InputDevice.h">
      <Filter>Source Files\DX7</Filter>
    </ClInclude>
    <ClInclude Include="DX7\utils\ddutil.h">
      <Filter>Source Files\DX7\utils</Filter>
    </ClInclude>
    <ClInclude Include="DX7\utils\enums.h">
      <Filter>Source Files\DX7\utils</Filter>
    </ClInclude>
    <ClInclude Include="DX7\utils\texture.h">
      <Filter>Source Files\DX7\utils</Filter>
    </ClInclude>
    <ClInclude Include="DX7\DX7Include.h">
      <Filter>Source Files\DX7</Filter>
    </ClInclude>
    <ClInclude Include="DX7\DX7RenderDevice.h">
      <Filter>Source Files\DX7</Filter>
    </ClInclude>
  </ItemGroup>
  <ItemGroup>
    <ClCompile Include="main.cpp">
      <Filter>Source Files</Filter>
    </ClCompile>
    <ClCompile Include="RetroEngine.cpp">
      <Filter>Source Files</Filter>
    </ClCompile>
    <ClCompile Include="Text.cpp">
      <Filter>Source Files</Filter>
    </ClCompile>
    <ClCompile Include="Drawing.cpp">
      <Filter>Source Files</Filter>
    </ClCompile>
    <ClCompile Include="Input.cpp">
      <Filter>Source Files</Filter>
    </ClCompile>
    <ClCompile Include="Reader.cpp">
      <Filter>Source Files</Filter>
    </ClCompile>
    <ClCompile Include="Math.cpp">
      <Filter>Source Files</Filter>
    </ClCompile>
    <ClCompile Include="Misc.cpp">
      <Filter>Source Files</Filter>
    </ClCompile>
    <ClCompile Include="MainGame.cpp">
      <Filter>Source Files</Filter>
    </ClCompile>
    <ClCompile Include="TitleScreen.cpp">
      <Filter>Source Files</Filter>
    </ClCompile>
    <ClCompile Include="Collision.cpp">
      <Filter>Source Files</Filter>
    </ClCompile>
    <ClCompile Include="Player.cpp">
      <Filter>Source Files</Filter>
    </ClCompile>
    <ClCompile Include="..\dependencies\coldet\src\tritri.c">
      <Filter>Source Files\coldet</Filter>
    </ClCompile>
    <ClCompile Include="..\dependencies\coldet\src\box.cpp">
      <Filter>Source Files\coldet</Filter>
    </ClCompile>
    <ClCompile Include="..\dependencies\coldet\src\box_bld.cpp">
      <Filter>Source Files\coldet</Filter>
    </ClCompile>
    <ClCompile Include="..\dependencies\coldet\src\cdmath3d.cpp">
      <Filter>Source Files\coldet</Filter>
    </ClCompile>
    <ClCompile Include="..\dependencies\coldet\src\coldet.cpp">
      <Filter>Source Files\coldet</Filter>
    </ClCompile>
    <ClCompile Include="..\dependencies\coldet\src\coldet_bld.cpp">
      <Filter>Source Files\coldet</Filter>
    </ClCompile>
    <ClCompile Include="..\dependencies\coldet\src\multiobject.cpp">
      <Filter>Source Files\coldet</Filter>
    </ClCompile>
    <ClCompile Include="..\dependencies\coldet\src\mytritri.cpp">
      <Filter>Source Files\coldet</Filter>
    </ClCompile>
    <ClCompile Include="..\dependencies\coldet\src\sysdep.cpp">
      <Filter>Source Files\coldet</Filter>
    </ClCompile>
    <ClCompile Include="String.cpp">
      <Filter>Source Files</Filter>
    </ClCompile>
    <ClCompile Include="DX7\DX7InputDevice.cpp">
      <Filter>Source Files\DX7</Filter>
    </ClCompile>
    <ClCompile Include="DX7\utils\ddutil.cpp">
      <Filter>Source Files\DX7\utils</Filter>
    </ClCompile>
    <ClCompile Include="DX7\utils\texture.cpp">
      <Filter>Source Files\DX7\utils</Filter>
    </ClCompile>
    <ClCompile Include="DX7\DX7RenderDevice.cpp">
      <Filter>Source Files\DX7</Filter>
    </ClCompile>
  </ItemGroup>
  <ItemGroup>
    <Image Include="ICON101_1.ico">
      <Filter>Resource Files</Filter>
    </Image>
  </ItemGroup>
  <ItemGroup>
    <ResourceCompile Include="Rsonic3D.rc">
      <Filter>Resource Files</Filter>
    </ResourceCompile>
  </ItemGroup>
</Project>